
Microsoft Visual Studio Solution File, Format Version 12.00
# Visual Studio Version 17
VisualStudioVersion = 17.0.31903.59
MinimumVisualStudioVersion = 10.0.40219.1
Project("{FAE04EC0-301F-11D3-BF4B-00C04F79EFBC}") = "API", "API\API.csproj", "{14770DB9-0923-4BA0-AB26-0D042B9D7580}"
EndProject
Project("{FAE04EC0-301F-11D3-BF4B-00C04F79EFBC}") = "Core", "Core\Core.csproj", "{B0C59B57-4D80-4AD3-9506-2EA973D8BB55}"
EndProject
Project("{FAE04EC0-301F-11D3-BF4B-00C04F79EFBC}") = "Infrastructure", "Infrastructure\Infrastructure.csproj", "{6F2F4E05-47EF-4B88-ACC3-12DBBCC5EFD7}"
EndProject
Global
	GlobalSection(SolutionConfigurationPlatforms) = preSolution
		Debug|Any CPU = Debug|Any CPU
		Release|Any CPU = Release|Any CPU
	EndGlobalSection
	GlobalSection(SolutionProperties) = preSolution
		HideSolutionNode = FALSE
	EndGlobalSection
	GlobalSection(ProjectConfigurationPlatforms) = postSolution
		{14770DB9-0923-4BA0-AB26-0D042B9D7580}.Debug|Any CPU.ActiveCfg = Debug|Any CPU
		{14770DB9-0923-4BA0-AB26-0D042B9D7580}.Debug|Any CPU.Build.0 = Debug|Any CPU
		{14770DB9-0923-4BA0-AB26-0D042B9D7580}.Release|Any CPU.ActiveCfg = Release|Any CPU
		{14770DB9-0923-4BA0-AB26-0D042B9D7580}.Release|Any CPU.Build.0 = Release|Any CPU
		{B0C59B57-4D80-4AD3-9506-2EA973D8BB55}.Debug|Any CPU.ActiveCfg = Debug|Any CPU
		{B0C59B57-4D80-4AD3-9506-2EA973D8BB55}.Debug|Any CPU.Build.0 = Debug|Any CPU
		{B0C59B57-4D80-4AD3-9506-2EA973D8BB55}.Release|Any CPU.ActiveCfg = Release|Any CPU
		{B0C59B57-4D80-4AD3-9506-2EA973D8BB55}.Release|Any CPU.Build.0 = Release|Any CPU
		{6F2F4E05-47EF-4B88-ACC3-12DBBCC5EFD7}.Debug|Any CPU.ActiveCfg = Debug|Any CPU
		{6F2F4E05-47EF-4B88-ACC3-12DBBCC5EFD7}.Debug|Any CPU.Build.0 = Debug|Any CPU
		{6F2F4E05-47EF-4B88-ACC3-12DBBCC5EFD7}.Release|Any CPU.ActiveCfg = Release|Any CPU
		{6F2F4E05-47EF-4B88-ACC3-12DBBCC5EFD7}.Release|Any CPU.Build.0 = Release|Any CPU
	EndGlobalSection
EndGlobal
